
Microsoft Visual Studio Solution File, Format Version 12.00
# Visual Studio Version 16
VisualStudioVersion = 16.0.29613.14
MinimumVisualStudioVersion = 10.0.40219.1
Project("{9A19103F-16F7-4668-BE54-9A1E7A4F7556}") = "SpRestaurant", "SpRestaurant\SpRestaurant.csproj", "{6FB491F7-DC9D-436D-ABD3-DE2C285DE64D}"
EndProject
Project("{FAE04EC0-301F-11D3-BF4B-00C04F79EFBC}") = "HarryPotterKata", "HarryPotterKata\HarryPotterKata.csproj", "{E0D3010F-7A85-4365-9629-629BBBB5D765}"
EndProject
Global
	GlobalSection(SolutionConfigurationPlatforms) = preSolution
		Debug|Any CPU = Debug|Any CPU
		Release|Any CPU = Release|Any CPU
	EndGlobalSection
	GlobalSection(ProjectConfigurationPlatforms) = postSolution
		{6FB491F7-DC9D-436D-ABD3-DE2C285DE64D}.Debug|Any CPU.ActiveCfg = Debug|Any CPU
		{6FB491F7-DC9D-436D-ABD3-DE2C285DE64D}.Debug|Any CPU.Build.0 = Debug|Any CPU
		{6FB491F7-DC9D-436D-ABD3-DE2C285DE64D}.Release|Any CPU.ActiveCfg = Release|Any CPU
		{6FB491F7-DC9D-436D-ABD3-DE2C285DE64D}.Release|Any CPU.Build.0 = Release|Any CPU
		{E0D3010F-7A85-4365-9629-629BBBB5D765}.Debug|Any CPU.ActiveCfg = Debug|Any CPU
		{E0D3010F-7A85-4365-9629-629BBBB5D765}.Debug|Any CPU.Build.0 = Debug|Any CPU
		{E0D3010F-7A85-4365-9629-629BBBB5D765}.Release|Any CPU.ActiveCfg = Release|Any CPU
		{E0D3010F-7A85-4365-9629-629BBBB5D765}.Release|Any CPU.Build.0 = Release|Any CPU
	EndGlobalSection
	GlobalSection(SolutionProperties) = preSolution
		HideSolutionNode = FALSE
	EndGlobalSection
	GlobalSection(ExtensibilityGlobals) = postSolution
		SolutionGuid = {E40EF9C3-A4A4-42E5-9136-1D11E6DBB3EE}
	EndGlobalSection
EndGlobal
